
Microsoft Visual Studio Solution File, Format Version 12.00
# Visual Studio 2013
VisualStudioVersion = 12.0.30501.0
MinimumVisualStudioVersion = 10.0.40219.1
Project("{FAE04EC0-301F-11D3-BF4B-00C04F79EFBC}") = "Exercise8", "Exercise8\Exercise8.csproj", "{074DE89B-00EC-4A53-A876-F4F4BBE96203}"
EndProject
Global
	GlobalSection(SolutionConfigurationPlatforms) = preSolution
		Debug|Any CPU = Debug|Any CPU
		Release|Any CPU = Release|Any CPU
	EndGlobalSection
	GlobalSection(ProjectConfigurationPlatforms) = postSolution
		{074DE89B-00EC-4A53-A876-F4F4BBE96203}.Debug|Any CPU.ActiveCfg = Debug|Any CPU
		{074DE89B-00EC-4A53-A876-F4F4BBE96203}.Debug|Any CPU.Build.0 = Debug|Any CPU
		{074DE89B-00EC-4A53-A876-F4F4BBE96203}.Release|Any CPU.ActiveCfg = Release|Any CPU
		{074DE89B-00EC-4A53-A876-F4F4BBE96203}.Release|Any CPU.Build.0 = Release|Any CPU
	EndGlobalSection
	GlobalSection(SolutionProperties) = preSolution
		HideSolutionNode = FALSE
	EndGlobalSection
EndGlobal
